
Microsoft Visual Studio Solution File, Format Version 12.00
# Visual Studio Version 17
VisualStudioVersion = 17.14.36429.23
MinimumVisualStudioVersion = 10.0.40219.1
Project("{FAE04EC0-301F-11D3-BF4B-00C04F79EFBC}") = "gip_lab2", "gip_lab2\gip_lab2.csproj", "{F0E9E102-6B9F-44C5-B01B-3F16A0202FFC}"
EndProject
Project("{FAE04EC0-301F-11D3-BF4B-00C04F79EFBC}") = "gip_lab3", "gip_lab3\gip_lab3.csproj", "{8D5EFE79-519E-49B6-BFE3-4AABDE54CCCB}"
EndProject
Project("{FAE04EC0-301F-11D3-BF4B-00C04F79EFBC}") = "gip_lab4", "gip_lab4\gip_lab4.csproj", "{7F4EDAD4-C9A2-42F8-A01E-395230C62E4E}"
EndProject
Project("{FAE04EC0-301F-11D3-BF4B-00C04F79EFBC}") = "gip_common", "gip_common\gip_common.csproj", "{3AB85AE6-C49E-A59E-13B4-695BA6F48BA7}"
EndProject
Project("{FAE04EC0-301F-11D3-BF4B-00C04F79EFBC}") = "gip_lab5", "gip_lab5\gip_lab5.csproj", "{36E4045B-6594-9AFD-200F-819A185C2DA8}"
EndProject
Project("{FAE04EC0-301F-11D3-BF4B-00C04F79EFBC}") = "gip_lab6", "gip_lab6\gip_lab6.csproj", "{94C21D5A-01F6-4520-B07B-EB820D4B25FF}"
EndProject
Project("{FAE04EC0-301F-11D3-BF4B-00C04F79EFBC}") = "gip_lab7", "gip_lab7\gip_lab7.csproj", "{48405877-CE1F-46F9-90AB-0C8EE68BCEB1}"
EndProject
Global
	GlobalSection(SolutionConfigurationPlatforms) = preSolution
		Debug|Any CPU = Debug|Any CPU
		Release|Any CPU = Release|Any CPU
	EndGlobalSection
	GlobalSection(ProjectConfigurationPlatforms) = postSolution
		{F0E9E102-6B9F-44C5-B01B-3F16A0202FFC}.Debug|Any CPU.ActiveCfg = Debug|Any CPU
		{F0E9E102-6B9F-44C5-B01B-3F16A0202FFC}.Debug|Any CPU.Build.0 = Debug|Any CPU
		{F0E9E102-6B9F-44C5-B01B-3F16A0202FFC}.Release|Any CPU.ActiveCfg = Release|Any CPU
		{F0E9E102-6B9F-44C5-B01B-3F16A0202FFC}.Release|Any CPU.Build.0 = Release|Any CPU
		{8D5EFE79-519E-49B6-BFE3-4AABDE54CCCB}.Debug|Any CPU.ActiveCfg = Debug|Any CPU
		{8D5EFE79-519E-49B6-BFE3-4AABDE54CCCB}.Debug|Any CPU.Build.0 = Debug|Any CPU
		{8D5EFE79-519E-49B6-BFE3-4AABDE54CCCB}.Release|Any CPU.ActiveCfg = Release|Any CPU
		{8D5EFE79-519E-49B6-BFE3-4AABDE54CCCB}.Release|Any CPU.Build.0 = Release|Any CPU
		{7F4EDAD4-C9A2-42F8-A01E-395230C62E4E}.Debug|Any CPU.ActiveCfg = Debug|Any CPU
		{7F4EDAD4-C9A2-42F8-A01E-395230C62E4E}.Debug|Any CPU.Build.0 = Debug|Any CPU
		{7F4EDAD4-C9A2-42F8-A01E-395230C62E4E}.Release|Any CPU.ActiveCfg = Release|Any CPU
		{7F4EDAD4-C9A2-42F8-A01E-395230C62E4E}.Release|Any CPU.Build.0 = Release|Any CPU
		{3AB85AE6-C49E-A59E-13B4-695BA6F48BA7}.Debug|Any CPU.ActiveCfg = Debug|Any CPU
		{3AB85AE6-C49E-A59E-13B4-695BA6F48BA7}.Debug|Any CPU.Build.0 = Debug|Any CPU
		{3AB85AE6-C49E-A59E-13B4-695BA6F48BA7}.Release|Any CPU.ActiveCfg = Release|Any CPU
		{3AB85AE6-C49E-A59E-13B4-695BA6F48BA7}.Release|Any CPU.Build.0 = Release|Any CPU
		{36E4045B-6594-9AFD-200F-819A185C2DA8}.Debug|Any CPU.ActiveCfg = Debug|Any CPU
		{36E4045B-6594-9AFD-200F-819A185C2DA8}.Debug|Any CPU.Build.0 = Debug|Any CPU
		{36E4045B-6594-9AFD-200F-819A185C2DA8}.Release|Any CPU.ActiveCfg = Release|Any CPU
		{36E4045B-6594-9AFD-200F-819A185C2DA8}.Release|Any CPU.Build.0 = Release|Any CPU
		{94C21D5A-01F6-4520-B07B-EB820D4B25FF}.Debug|Any CPU.ActiveCfg = Debug|Any CPU
		{94C21D5A-01F6-4520-B07B-EB820D4B25FF}.Debug|Any CPU.Build.0 = Debug|Any CPU
		{94C21D5A-01F6-4520-B07B-EB820D4B25FF}.Release|Any CPU.ActiveCfg = Release|Any CPU
		{94C21D5A-01F6-4520-B07B-EB820D4B25FF}.Release|Any CPU.Build.0 = Release|Any CPU
		{48405877-CE1F-46F9-90AB-0C8EE68BCEB1}.Debug|Any CPU.ActiveCfg = Debug|Any CPU
		{48405877-CE1F-46F9-90AB-0C8EE68BCEB1}.Debug|Any CPU.Build.0 = Debug|Any CPU
		{48405877-CE1F-46F9-90AB-0C8EE68BCEB1}.Release|Any CPU.ActiveCfg = Release|Any CPU
		{48405877-CE1F-46F9-90AB-0C8EE68BCEB1}.Release|Any CPU.Build.0 = Release|Any CPU
	EndGlobalSection
	GlobalSection(SolutionProperties) = preSolution
		HideSolutionNode = FALSE
	EndGlobalSection
	GlobalSection(ExtensibilityGlobals) = postSolution
		SolutionGuid = {CDD99EB9-F840-4D22-A459-D76913713860}
	EndGlobalSection
EndGlobal
